{
  "version": 4,
  "terraform_version": "1.5.7",
  "serial": 103,
  "lineage": "cd6a002c-b7f5-b4e5-6b9c-97533af5475b",
  "outputs": {
    "project3_lb1_dns": {
      "value": "tf-lb120231011194821299100000003-1343086294.us-east-1.elb.amazonaws.com",
      "type": "string"
    }
  },
  "resources": [
    {
      "mode": "managed",
      "type": "aws_autoscaling_group",
      "name": "project3_asg1",
      "provider": "provider[\"registry.terraform.io/hashicorp/aws\"]",
      "instances": [
        {
          "schema_version": 1,
          "attributes": {
            "arn": "arn:aws:autoscaling:us-east-1:545533085693:autoScalingGroup:5fe51225-bb6a-4421-a2a6-1737b576a8c4:autoScalingGroupName/Project3AutoScalingGroup20231011194822250400000006",
            "availability_zones": [
              "us-east-1a",
              "us-east-1c",
              "us-east-1d",
              "us-east-1e"
            ],
            "capacity_rebalance": false,
            "context": "",
            "default_cooldown": 300,
            "default_instance_warmup": 0,
            "desired_capacity": 1,
            "desired_capacity_type": "",
            "enabled_metrics": null,
            "force_delete": false,
            "force_delete_warm_pool": false,
            "health_check_grace_period": 30,
            "health_check_type": "ELB",
            "id": "Project3AutoScalingGroup20231011194822250400000006",
            "ignore_failed_scaling_activities": false,
            "initial_lifecycle_hook": [],
            "instance_refresh": [],
            "launch_configuration": "",
            "launch_template": [
              {
                "id": "lt-0dbd5cf02460a41bb",
                "name": "Project3-LaunchTemplate120231011194821307600000004",
                "version": "1"
              }
            ],
            "load_balancers": [],
            "max_instance_lifetime": 0,
            "max_size": 2,
            "metrics_granularity": "1Minute",
            "min_elb_capacity": null,
            "min_size": 1,
            "mixed_instances_policy": [],
            "name": "Project3AutoScalingGroup20231011194822250400000006",
            "name_prefix": "Project3AutoScalingGroup",
            "placement_group": "",
            "predicted_capacity": 0,
            "protect_from_scale_in": false,
            "service_linked_role_arn": "arn:aws:iam::545533085693:role/aws-service-role/autoscaling.amazonaws.com/AWSServiceRoleForAutoScaling",
            "suspended_processes": null,
            "tag": [],
            "target_group_arns": [
              "arn:aws:elasticloadbalancing:us-east-1:545533085693:targetgroup/tf-tg120231011194815768300000001/9ebc77f6b9b8af91"
            ],
            "termination_policies": null,
            "timeouts": null,
            "traffic_source": [
              {
                "identifier": "arn:aws:elasticloadbalancing:us-east-1:545533085693:targetgroup/tf-tg120231011194815768300000001/9ebc77f6b9b8af91",
                "type": "elbv2"
              }
            ],
            "vpc_zone_identifier": [
              "subnet-053f132f2e2cb24e0",
              "subnet-075a452009e940e5b",
              "subnet-0c9a934f3ab4a5091",
              "subnet-0db9c08e902d59229"
            ],
            "wait_for_capacity_timeout": "10m",
            "wait_for_elb_capacity": null,
            "warm_pool": [],
            "warm_pool_size": 0
          },
          "sensitive_attributes": [],
          "private": "eyJlMmJmYjczMC1lY2FhLTExZTYtOGY4OC0zNDM2M2JjN2M0YzAiOnsiZGVsZXRlIjo2MDAwMDAwMDAwMDAsInVwZGF0ZSI6NjAwMDAwMDAwMDAwfSwic2NoZW1hX3ZlcnNpb24iOiIxIn0=",
          "dependencies": [
            "aws_key_pair.project3_launchtemplate_key",
            "aws_launch_template.project3_lt1",
            "aws_lb_target_group.project3_lb1_target_group",
            "aws_security_group.project3-sg1"
          ]
        }
      ]
    },
    {
      "mode": "managed",
      "type": "aws_key_pair",
      "name": "project3_launchtemplate_key",
      "provider": "provider[\"registry.terraform.io/hashicorp/aws\"]",
      "instances": [
        {
          "schema_version": 1,
          "attributes": {
            "arn": "arn:aws:ec2:us-east-1:545533085693:key-pair/my_key_pair",
            "fingerprint": "d6:e3:43:e9:dd:bd:21:a9:cf:93:46:53:4a:dd:97:d7",
            "id": "my_key_pair",
            "key_name": "my_key_pair",
            "key_name_prefix": "",
            "key_pair_id": "key-0b158dbe7a3598b0d",
            "key_type": "rsa",
            "public_key": "ssh-rsa AAAAB3NzaC1yc2EAAAADAQABAAABAQCx3z9oMQlrJi3HQhjHdwQIsqhFFx2ZFCaPp2dndmgFP0bYk5gRjjRN8GMaTHwENX/BTMXL57fjPsMpaA2PMeqnFQrpUkZoDMd39RGqEAclEDwufdpgvBbR0UcRfxcgYro5mNE9Yu9R6doCuZ9OXiHmrGatv35bAT8RY1wbiQGsv5aNZA9nX6PxH39bGICCQjuqz8Woq4hvAbyWrKVbWjlLdXzgvYnsZTBqa+u2eavWcXbOrj+gCFEuQ1Ce+QqKllY1ezl1fXfPa0hAJLM3g3Y3IMLIzQPX+GbL1sY7SqtcnSXQcK2XKlHKZaLkcVYpHSVfneV6FZpWNoCfTrXnA4cV admin@DESKTOP-P2PTHR4",
            "tags": null,
            "tags_all": {}
          },
          "sensitive_attributes": [],
          "private": "eyJzY2hlbWFfdmVyc2lvbiI6IjEifQ=="
        }
      ]
    },
    {
      "mode": "managed",
      "type": "aws_launch_template",
      "name": "project3_lt1",
      "provider": "provider[\"registry.terraform.io/hashicorp/aws\"]",
      "instances": [
        {
          "schema_version": 0,
          "attributes": {
            "arn": "arn:aws:ec2:us-east-1:545533085693:launch-template/lt-0dbd5cf02460a41bb",
            "block_device_mappings": [],
            "capacity_reservation_specification": [],
            "cpu_options": [],
            "credit_specification": [],
            "default_version": 1,
            "description": "Launch template for Auto scaling group managed by terraform.",
            "disable_api_stop": false,
            "disable_api_termination": false,
            "ebs_optimized": "",
            "elastic_gpu_specifications": [],
            "elastic_inference_accelerator": [],
            "enclave_options": [],
            "hibernation_options": [],
            "iam_instance_profile": [],
            "id": "lt-0dbd5cf02460a41bb",
            "image_id": "ami-067d1e60475437da2",
            "instance_initiated_shutdown_behavior": "",
            "instance_market_options": [],
            "instance_requirements": [],
            "instance_type": "t2.micro",
            "kernel_id": "",
            "key_name": "my_key_pair",
            "latest_version": 1,
            "license_specification": [],
            "maintenance_options": [],
            "metadata_options": [],
            "monitoring": [],
            "name": "Project3-LaunchTemplate120231011194821307600000004",
            "name_prefix": "Project3-LaunchTemplate1",
            "network_interfaces": [],
            "placement": [],
            "private_dns_name_options": [],
            "ram_disk_id": "",
            "security_group_names": null,
            "tag_specifications": [],
            "tags": {
              "Name": "Project3 LaunchTemplate1-TF"
            },
            "tags_all": {
              "Name": "Project3 LaunchTemplate1-TF"
            },
            "update_default_version": null,
            "user_data": "IyEvYmluL2Jhc2gNCnN1ZG8geXVtIHVwZGF0ZQ0Kc3VkbyB5dW0gaW5zdGFsbCBuZ2lueCAteQ0Kc3VkbyBzeXN0ZW1jdGwgc3RhcnQgbmdpbngNCnN1ZG8gc3lzdGVtY3RsIGVuYWJsZSBuZ2lueA0KDQplY2hvICc8aHRtbD4NCjxoZWFkPg0KICAgIDxzdHlsZT4NCiAgICAgICAgYm9keSB7DQogICAgICAgICAgICBmb250LWZhbWlseTogQXJpYWwsIHNhbnMtc2VyaWY7DQogICAgICAgICAgICB0ZXh0LWFsaWduOiBjZW50ZXI7DQogICAgICAgICAgICBiYWNrZ3JvdW5kLWNvbG9yOiAjZjRmNGY0Ow0KICAgICAgICAgICAgbWFyZ2luOiAwOw0KICAgICAgICAgICAgcGFkZGluZzogMTAwcHg7DQogICAgICAgIH0NCiAgICAgICAgaDEgew0KICAgICAgICAgICAgY29sb3I6ICMzMzM7DQogICAgICAgIH0NCiAgICA8L3N0eWxlPg0KPC9oZWFkPg0KPGJvZHk+DQogICAgPGgxPkNvbmdyYXR1bGF0aW9ucyBmb3IgU3VjY2Vzc2Z1bCBpbnN0YWxsYXRpb24gb2YgTkdJTlggb24gQW1hem9uIEVDMiBpbnN0YW5jZSB1cG9uICQoaG9zdG5hbWUgLWYpPC9oMT4NCjwvYm9keT4NCjwvaHRtbD4nIHwgc3VkbyB0ZWUgL3Vzci9zaGFyZS9uZ2lueC9odG1sL2luZGV4Lmh0bWwNCg==",
            "vpc_security_group_ids": [
              "sg-081b20417c39dc6ad"
            ]
          },
          "sensitive_attributes": [],
          "private": "bnVsbA==",
          "dependencies": [
            "aws_key_pair.project3_launchtemplate_key",
            "aws_security_group.project3-sg1"
          ]
        }
      ]
    },
    {
      "mode": "managed",
      "type": "aws_lb",
      "name": "project3_lb1",
      "provider": "provider[\"registry.terraform.io/hashicorp/aws\"]",
      "instances": [
        {
          "schema_version": 0,
          "attributes": {
            "access_logs": [
              {
                "bucket": "",
                "enabled": false,
                "prefix": ""
              }
            ],
            "arn": "arn:aws:elasticloadbalancing:us-east-1:545533085693:loadbalancer/app/tf-lb120231011194821299100000003/03059c1019c6d093",
            "arn_suffix": "app/tf-lb120231011194821299100000003/03059c1019c6d093",
            "customer_owned_ipv4_pool": "",
            "desync_mitigation_mode": "defensive",
            "dns_name": "tf-lb120231011194821299100000003-1343086294.us-east-1.elb.amazonaws.com",
            "drop_invalid_header_fields": false,
            "enable_cross_zone_load_balancing": true,
            "enable_deletion_protection": false,
            "enable_http2": true,
            "enable_tls_version_and_cipher_suite_headers": false,
            "enable_waf_fail_open": false,
            "enable_xff_client_port": false,
            "id": "arn:aws:elasticloadbalancing:us-east-1:545533085693:loadbalancer/app/tf-lb120231011194821299100000003/03059c1019c6d093",
            "idle_timeout": 60,
            "internal": false,
            "ip_address_type": "ipv4",
            "load_balancer_type": "application",
            "name": "tf-lb120231011194821299100000003",
            "name_prefix": "tf-lb1",
            "preserve_host_header": false,
            "security_groups": [
              "sg-081b20417c39dc6ad"
            ],
            "subnet_mapping": [
              {
                "allocation_id": "",
                "ipv6_address": "",
                "outpost_id": "",
                "private_ipv4_address": "",
                "subnet_id": "subnet-053f132f2e2cb24e0"
              },
              {
                "allocation_id": "",
                "ipv6_address": "",
                "outpost_id": "",
                "private_ipv4_address": "",
                "subnet_id": "subnet-075a452009e940e5b"
              },
              {
                "allocation_id": "",
                "ipv6_address": "",
                "outpost_id": "",
                "private_ipv4_address": "",
                "subnet_id": "subnet-0c9a934f3ab4a5091"
              },
              {
                "allocation_id": "",
                "ipv6_address": "",
                "outpost_id": "",
                "private_ipv4_address": "",
                "subnet_id": "subnet-0db9c08e902d59229"
              }
            ],
            "subnets": [
              "subnet-053f132f2e2cb24e0",
              "subnet-075a452009e940e5b",
              "subnet-0c9a934f3ab4a5091",
              "subnet-0db9c08e902d59229"
            ],
            "tags": {
              "Description": "Project 3 terraform created load balancer",
              "Name": "Load Balancer with Target Group and Listener Configured"
            },
            "tags_all": {
              "Description": "Project 3 terraform created load balancer",
              "Name": "Load Balancer with Target Group and Listener Configured"
            },
            "timeouts": null,
            "vpc_id": "vpc-043d42f6449b393cb",
            "xff_header_processing_mode": "append",
            "zone_id": "Z35SXDOTRQ7X7K"
          },
          "sensitive_attributes": [],
          "private": "eyJlMmJmYjczMC1lY2FhLTExZTYtOGY4OC0zNDM2M2JjN2M0YzAiOnsiY3JlYXRlIjo2MDAwMDAwMDAwMDAsImRlbGV0ZSI6NjAwMDAwMDAwMDAwLCJ1cGRhdGUiOjYwMDAwMDAwMDAwMH19",
          "dependencies": [
            "aws_security_group.project3-sg1"
          ]
        }
      ]
    },
    {
      "mode": "managed",
      "type": "aws_lb_listener",
      "name": "project3_lb1_listener",
      "provider": "provider[\"registry.terraform.io/hashicorp/aws\"]",
      "instances": [
        {
          "schema_version": 0,
          "attributes": {
            "alpn_policy": null,
            "arn": "arn:aws:elasticloadbalancing:us-east-1:545533085693:listener/app/tf-lb120231011194821299100000003/03059c1019c6d093/f865426bd5ea0037",
            "certificate_arn": null,
            "default_action": [
              {
                "authenticate_cognito": [],
                "authenticate_oidc": [],
                "fixed_response": [],
                "forward": [],
                "order": 1,
                "redirect": [],
                "target_group_arn": "arn:aws:elasticloadbalancing:us-east-1:545533085693:targetgroup/tf-tg120231011194815768300000001/9ebc77f6b9b8af91",
                "type": "forward"
              }
            ],
            "id": "arn:aws:elasticloadbalancing:us-east-1:545533085693:listener/app/tf-lb120231011194821299100000003/03059c1019c6d093/f865426bd5ea0037",
            "load_balancer_arn": "arn:aws:elasticloadbalancing:us-east-1:545533085693:loadbalancer/app/tf-lb120231011194821299100000003/03059c1019c6d093",
            "port": 80,
            "protocol": "HTTP",
            "ssl_policy": "",
            "tags": {
              "Description": "AWS load balancer listener created using terraform for project 3"
            },
            "tags_all": {
              "Description": "AWS load balancer listener created using terraform for project 3"
            },
            "timeouts": null
          },
          "sensitive_attributes": [],
          "private": "eyJlMmJmYjczMC1lY2FhLTExZTYtOGY4OC0zNDM2M2JjN2M0YzAiOnsicmVhZCI6NjAwMDAwMDAwMDAwfX0=",
          "dependencies": [
            "aws_lb.project3_lb1",
            "aws_lb_target_group.project3_lb1_target_group",
            "aws_security_group.project3-sg1"
          ]
        }
      ]
    },
    {
      "mode": "managed",
      "type": "aws_lb_target_group",
      "name": "project3_lb1_target_group",
      "provider": "provider[\"registry.terraform.io/hashicorp/aws\"]",
      "instances": [
        {
          "schema_version": 0,
          "attributes": {
            "arn": "arn:aws:elasticloadbalancing:us-east-1:545533085693:targetgroup/tf-tg120231011194815768300000001/9ebc77f6b9b8af91",
            "arn_suffix": "targetgroup/tf-tg120231011194815768300000001/9ebc77f6b9b8af91",
            "connection_termination": false,
            "deregistration_delay": "300",
            "health_check": [
              {
                "enabled": true,
                "healthy_threshold": 3,
                "interval": 30,
                "matcher": "200",
                "path": "/",
                "port": "traffic-port",
                "protocol": "HTTP",
                "timeout": 5,
                "unhealthy_threshold": 3
              }
            ],
            "id": "arn:aws:elasticloadbalancing:us-east-1:545533085693:targetgroup/tf-tg120231011194815768300000001/9ebc77f6b9b8af91",
            "ip_address_type": "ipv4",
            "lambda_multi_value_headers_enabled": false,
            "load_balancing_algorithm_type": "round_robin",
            "load_balancing_cross_zone_enabled": "use_load_balancer_configuration",
            "name": "tf-tg120231011194815768300000001",
            "name_prefix": "tf-tg1",
            "port": 80,
            "preserve_client_ip": null,
            "protocol": "HTTP",
            "protocol_version": "HTTP1",
            "proxy_protocol_v2": false,
            "slow_start": 0,
            "stickiness": [
              {
                "cookie_duration": 86400,
                "cookie_name": "",
                "enabled": false,
                "type": "lb_cookie"
              }
            ],
            "tags": {
              "Description": "Project3-LoadBalancer1_TargetGroup-TF"
            },
            "tags_all": {
              "Description": "Project3-LoadBalancer1_TargetGroup-TF"
            },
            "target_failover": [
              {
                "on_deregistration": null,
                "on_unhealthy": null
              }
            ],
            "target_type": "instance",
            "vpc_id": "vpc-043d42f6449b393cb"
          },
          "sensitive_attributes": [],
          "private": "bnVsbA=="
        }
      ]
    },
    {
      "mode": "managed",
      "type": "aws_security_group",
      "name": "project3-sg1",
      "provider": "provider[\"registry.terraform.io/hashicorp/aws\"]",
      "instances": [
        {
          "schema_version": 1,
          "attributes": {
            "arn": "arn:aws:ec2:us-east-1:545533085693:security-group/sg-081b20417c39dc6ad",
            "description": "security group created for launch template specified in auto scaling group",
            "egress": [
              {
                "cidr_blocks": [
                  "0.0.0.0/0"
                ],
                "description": "Opens outbound traffic to all sources",
                "from_port": 0,
                "ipv6_cidr_blocks": [],
                "prefix_list_ids": [],
                "protocol": "-1",
                "security_groups": [],
                "self": false,
                "to_port": 0
              }
            ],
            "id": "sg-081b20417c39dc6ad",
            "ingress": [
              {
                "cidr_blocks": [
                  "0.0.0.0/0"
                ],
                "description": "Opens http",
                "from_port": 80,
                "ipv6_cidr_blocks": [],
                "prefix_list_ids": [],
                "protocol": "tcp",
                "security_groups": [],
                "self": false,
                "to_port": 80
              },
              {
                "cidr_blocks": [
                  "0.0.0.0/0"
                ],
                "description": "Opens ssh",
                "from_port": 22,
                "ipv6_cidr_blocks": [],
                "prefix_list_ids": [],
                "protocol": "tcp",
                "security_groups": [],
                "self": false,
                "to_port": 22
              }
            ],
            "name": "Project3_SecurityGroup120231011194815770400000002",
            "name_prefix": "Project3_SecurityGroup1",
            "owner_id": "545533085693",
            "revoke_rules_on_delete": false,
            "tags": {
              "Description": "Project3 SecurityGroup1 for Ports 22|80"
            },
            "tags_all": {
              "Description": "Project3 SecurityGroup1 for Ports 22|80"
            },
            "timeouts": null,
            "vpc_id": "vpc-043d42f6449b393cb"
          },
          "sensitive_attributes": [],
          "private": "eyJlMmJmYjczMC1lY2FhLTExZTYtOGY4OC0zNDM2M2JjN2M0YzAiOnsiY3JlYXRlIjo2MDAwMDAwMDAwMDAsImRlbGV0ZSI6OTAwMDAwMDAwMDAwfSwic2NoZW1hX3ZlcnNpb24iOiIxIn0="
        }
      ]
    }
  ],
  "check_results": null
}
